<?xml version="1.0" encoding="utf-8"?>
<Project ToolsVersion="4.0" xmlns="http://schemas.microsoft.com/developer/msbuild/2003">
  <ItemGroup>
    <Filter Include="Resource Files">
      <UniqueIdentifier>{67DA6AB6-F800-4c08-8B7A-83BB121AAD01}</UniqueIdentifier>
      <Extensions>rc;ico;cur;bmp;dlg;rc2;rct;bin;rgs;gif;jpg;jpeg;jpe;resx;tiff;tif;png;wav;mfcribbon-ms</Extensions>
    </Filter>
    <Filter Include="Data">
      <UniqueIdentifier>{28e51d74-60be-4b9f-a718-eb7e50e0c12d}</UniqueIdentifier>
    </Filter>
    <Filter Include="Data\Headers">
      <UniqueIdentifier>{8e732511-1562-4bc1-852d-bbff818a2005}</UniqueIdentifier>
    </Filter>
    <Filter Include="Data\Sources">
      <UniqueIdentifier>{9d1f6932-efb2-417e-91df-955b26c2046f}</UniqueIdentifier>
    </Filter>
    <Filter Include="Entities">
      <UniqueIdentifier>{a9ef042e-68e7-43ab-9ffa-268a8e9c5750}</UniqueIdentifier>
    </Filter>
    <Filter Include="Entities\Headers">
      <UniqueIdentifier>{e6f31681-88a6-47ee-a516-e6fad5ae6bc3}</UniqueIdentifier>
    </Filter>
    <Filter Include="Entities\Sources">
      <UniqueIdentifier>{558065fe-55be-458c-9158-fa25777d2230}</UniqueIdentifier>
    </Filter>
    <Filter Include="Services">
      <UniqueIdentifier>{460eeebc-d7e6-4b86-9b67-3495c40f524d}</UniqueIdentifier>
    </Filter>
    <Filter Include="Services\Headers">
      <UniqueIdentifier>{58c2bec8-d48d-46d2-ad5c-37bb38380f45}</UniqueIdentifier>
    </Filter>
    <Filter Include="Services\Sources">
      <UniqueIdentifier>{5a57a092-ff25-4648-959c-2614fff4cb2f}</UniqueIdentifier>
    </Filter>
  </ItemGroup>
  <ItemGroup>
    <ClCompile Include="Main.cpp" />
    <ClCompile Include="Data\Database.cpp">
      <Filter>Data\Sources</Filter>
    </ClCompile>
    <ClCompile Include="Data\FileManager.cpp">
      <Filter>Data\Sources</Filter>
    </ClCompile>
    <ClCompile Include="Entities\Admin.cpp">
      <Filter>Entities\Sources</Filter>
    </ClCompile>
    <ClCompile Include="Entities\Client.cpp">
      <Filter>Entities\Sources</Filter>
    </ClCompile>
    <ClCompile Include="Entities\Electric.cpp">
      <Filter>Entities\Sources</Filter>
    </ClCompile>
    <ClCompile Include="Entities\Log.cpp">
      <Filter>Entities\Sources</Filter>
    </ClCompile>
    <ClCompile Include="Entities\ParkingSlot.cpp">
      <Filter>Entities\Sources</Filter>
    </ClCompile>
    <ClCompile Include="Entities\Ticket.cpp">
      <Filter>Entities\Sources</Filter>
    </ClCompile>
    <ClCompile Include="Entities\Transport.cpp">
      <Filter>Entities\Sources</Filter>
    </ClCompile>
    <ClCompile Include="Entities\User.cpp">
      <Filter>Entities\Sources</Filter>
    </ClCompile>
    <ClCompile Include="Entities\Vehicle.cpp">
      <Filter>Entities\Sources</Filter>
    </ClCompile>
    <ClCompile Include="Services\ParkingProperties.cpp">
      <Filter>Services\Sources</Filter>
    </ClCompile>
    <ClCompile Include="Services\ParkingService.cpp">
      <Filter>Services\Sources</Filter>
    </ClCompile>
    <ClCompile Include="Services\Terminal.cpp">
      <Filter>Services\Sources</Filter>
    </ClCompile>
    <ClCompile Include="Data\CheckInput.cpp">
      <Filter>Data\Sources</Filter>
    </ClCompile>
  </ItemGroup>
  <ItemGroup>
    <ClInclude Include="Data\Database.h">
      <Filter>Data\Headers</Filter>
    </ClInclude>
    <ClInclude Include="Data\FileManager.h">
      <Filter>Data\Headers</Filter>
    </ClInclude>
    <ClInclude Include="Entities\Admin.h">
      <Filter>Entities\Headers</Filter>
    </ClInclude>
    <ClInclude Include="Entities\Client.h">
      <Filter>Entities\Headers</Filter>
    </ClInclude>
    <ClInclude Include="Entities\Electric.h">
      <Filter>Entities\Headers</Filter>
    </ClInclude>
    <ClInclude Include="Entities\Log.h">
      <Filter>Entities\Headers</Filter>
    </ClInclude>
    <ClInclude Include="Entities\ParkingSlot.h">
      <Filter>Entities\Headers</Filter>
    </ClInclude>
    <ClInclude Include="Entities\Ticket.h">
      <Filter>Entities\Headers</Filter>
    </ClInclude>
    <ClInclude Include="Entities\Transport.h">
      <Filter>Entities\Headers</Filter>
    </ClInclude>
    <ClInclude Include="Entities\User.h">
      <Filter>Entities\Headers</Filter>
    </ClInclude>
    <ClInclude Include="Entities\Vehicle.h">
      <Filter>Entities\Headers</Filter>
    </ClInclude>
    <ClInclude Include="Services\ParkingProperties.h">
      <Filter>Services\Headers</Filter>
    </ClInclude>
    <ClInclude Include="Services\ParkingService.h">
      <Filter>Services\Headers</Filter>
    </ClInclude>
    <ClInclude Include="Services\Terminal.h">
      <Filter>Services\Headers</Filter>
    </ClInclude>
    <ClInclude Include="Data\CheckInput.h">
      <Filter>Data\Headers</Filter>
    </ClInclude>
  </ItemGroup>
  <ItemGroup>
    <Text Include="Files\Admins.txt">
      <Filter>Resource Files</Filter>
    </Text>
    <Text Include="Files\Clients.txt">
      <Filter>Resource Files</Filter>
    </Text>
    <Text Include="Files\Electrics.txt">
      <Filter>Resource Files</Filter>
    </Text>
    <Text Include="Files\Logs.txt">
      <Filter>Resource Files</Filter>
    </Text>
    <Text Include="Files\ParkingProperties.txt">
      <Filter>Resource Files</Filter>
    </Text>
    <Text Include="Files\ParkingSlots.txt">
      <Filter>Resource Files</Filter>
    </Text>
    <Text Include="Files\Tickets.txt">
      <Filter>Resource Files</Filter>
    </Text>
    <Text Include="Files\Vehicles.txt">
      <Filter>Resource Files</Filter>
    </Text>
  </ItemGroup>
  <ItemGroup>
    <None Include="ClassDiagram1.cd" />
  </ItemGroup>
</Project>